
Microsoft Visual Studio Solution File, Format Version 12.00
# Visual Studio Version 16
VisualStudioVersion = 16.0.30907.101
MinimumVisualStudioVersion = 10.0.40219.1
Project("{FAE04EC0-301F-11D3-BF4B-00C04F79EFBC}") = "Lab6_4", "Lab6_4\Lab6_4.csproj", "{959CC446-4AE4-4B07-AB5D-4C98BB0B67C1}"
EndProject
Global
	GlobalSection(SolutionConfigurationPlatforms) = preSolution
		Debug|Any CPU = Debug|Any CPU
		Release|Any CPU = Release|Any CPU
	EndGlobalSection
	GlobalSection(ProjectConfigurationPlatforms) = postSolution
		{959CC446-4AE4-4B07-AB5D-4C98BB0B67C1}.Debug|Any CPU.ActiveCfg = Debug|Any CPU
		{959CC446-4AE4-4B07-AB5D-4C98BB0B67C1}.Debug|Any CPU.Build.0 = Debug|Any CPU
		{959CC446-4AE4-4B07-AB5D-4C98BB0B67C1}.Release|Any CPU.ActiveCfg = Release|Any CPU
		{959CC446-4AE4-4B07-AB5D-4C98BB0B67C1}.Release|Any CPU.Build.0 = Release|Any CPU
	EndGlobalSection
	GlobalSection(SolutionProperties) = preSolution
		HideSolutionNode = FALSE
	EndGlobalSection
	GlobalSection(ExtensibilityGlobals) = postSolution
		SolutionGuid = {36591B6E-3279-4830-B319-ADA58C6819B2}
	EndGlobalSection
EndGlobal
